<?xml version="1.0" encoding="utf-8"?>
<Project ToolsVersion="4.0" xmlns="http://schemas.microsoft.com/developer/msbuild/2003">
  <ItemGroup>
    <Filter Include="include">
      <UniqueIdentifier>{28ac7917-92af-48df-a573-4c5cd86b0f08}</UniqueIdentifier>
      <Extensions>h;hpp;hxx;hm;inl;inc</Extensions>
    </Filter>
    <Filter Include="resource">
      <UniqueIdentifier>{6a3f17ce-d920-4ef5-81c2-10ceaec184ee}</UniqueIdentifier>
      <Extensions>rc;ico;cur;bmp;dlg;rc2;rct;bin;rgs;jpg;jpeg;jpe;png;manifest</Extensions>
    </Filter>
    <Filter Include="source">
      <UniqueIdentifier>{a207a560-50f5-400e-b406-3e2ee8ada88b}</UniqueIdentifier>
      <Extensions>cpp;c;cxx;def;odl;idl;hpj;bat;asm</Extensions>
    </Filter>
    <Filter Include="Single">
      <UniqueIdentifier>{379e3d0b-3dc6-4b14-97cc-4dc479f40928}</UniqueIdentifier>
    </Filter>
  </ItemGroup>
  <ItemGroup>
    <None Include="res\HorizontalFlyWar.ico">
      <Filter>resource</Filter>
    </None>
    <None Include="..\Resources\CloseSelected.png">
      <Filter>resource</Filter>
    </None>
    <None Include="..\Resources\CloseNormal.png">
      <Filter>resource</Filter>
    </None>
    <None Include="..\Resources\HelloWorld.png">
      <Filter>resource</Filter>
    </None>
  </ItemGroup>
  <ItemGroup>
    <ResourceCompile Include="HorizontalFlyWar.rc">
      <Filter>resource</Filter>
    </ResourceCompile>
  </ItemGroup>
  <ItemGroup>
    <ClInclude Include="resource.h">
      <Filter>include</Filter>
    </ClInclude>
    <ClInclude Include="main.h">
      <Filter>include</Filter>
    </ClInclude>
    <ClInclude Include="..\Classes\AppDelegate.h">
      <Filter>include</Filter>
    </ClInclude>
    <ClInclude Include="..\Classes\WelComeLayer.h">
      <Filter>include</Filter>
    </ClInclude>
    <ClInclude Include="..\Classes\InGameLayer.h">
      <Filter>include</Filter>
    </ClInclude>
    <ClInclude Include="..\Classes\GameObject.h">
      <Filter>include</Filter>
    </ClInclude>
    <ClInclude Include="..\Classes\FlyPlayer.h">
      <Filter>include</Filter>
    </ClInclude>
    <ClInclude Include="..\Classes\Bullet.h">
      <Filter>include</Filter>
    </ClInclude>
    <ClInclude Include="..\Classes\EnemyBase.h">
      <Filter>include</Filter>
    </ClInclude>
    <ClInclude Include="..\Classes\EnemyBoss.h">
      <Filter>include</Filter>
    </ClInclude>
    <ClInclude Include="..\Classes\BossBullet.h">
      <Filter>include</Filter>
    </ClInclude>
    <ClInclude Include="..\Classes\LearnClass.h">
      <Filter>include</Filter>
    </ClInclude>
    <ClInclude Include="..\Classes\GameOver.h">
      <Filter>include</Filter>
    </ClInclude>
    <ClInclude Include="..\Classes\IconvString.h">
      <Filter>include</Filter>
    </ClInclude>
    <ClInclude Include="..\Classes\Single\CUserProfile.h">
      <Filter>Single</Filter>
    </ClInclude>
    <ClInclude Include="..\Classes\Single\Singleton.h">
      <Filter>Single</Filter>
    </ClInclude>
  </ItemGroup>
  <ItemGroup>
    <ClCompile Include="main.cpp">
      <Filter>source</Filter>
    </ClCompile>
    <ClCompile Include="..\Classes\AppDelegate.cpp">
      <Filter>source</Filter>
    </ClCompile>
    <ClCompile Include="..\Classes\WelComeLayer.cpp">
      <Filter>source</Filter>
    </ClCompile>
    <ClCompile Include="..\Classes\InGameLayer.cpp">
      <Filter>source</Filter>
    </ClCompile>
    <ClCompile Include="..\Classes\GameObject.cpp">
      <Filter>source</Filter>
    </ClCompile>
    <ClCompile Include="..\Classes\FlyPlayer.cpp">
      <Filter>source</Filter>
    </ClCompile>
    <ClCompile Include="..\Classes\Bullet.cpp">
      <Filter>source</Filter>
    </ClCompile>
    <ClCompile Include="..\Classes\EnemyBase.cpp">
      <Filter>source</Filter>
    </ClCompile>
    <ClCompile Include="..\Classes\EnemyBoss.cpp">
      <Filter>source</Filter>
    </ClCompile>
    <ClCompile Include="..\Classes\BossBullet.cpp">
      <Filter>source</Filter>
    </ClCompile>
    <ClCompile Include="..\Classes\LearnClass.cpp">
      <Filter>source</Filter>
    </ClCompile>
    <ClCompile Include="..\Classes\GameOver.cpp">
      <Filter>source</Filter>
    </ClCompile>
    <ClCompile Include="..\Classes\IconvString.cpp">
      <Filter>source</Filter>
    </ClCompile>
    <ClCompile Include="..\Classes\Single\CUserProfile.cpp">
      <Filter>Single</Filter>
    </ClCompile>
  </ItemGroup>
</Project>